{
  "name": "arcadegame-demo",
  "lockfileVersion": 3,
  "requires": true,
  "packages": {
    "": {
      "dependencies": {
        "daisyui": "^5.0.0-beta.9"
      }
    },
    "node_modules/daisyui": {
      "version": "5.0.0-beta.9",
      "resolved": "https://registry.npmjs.org/daisyui/-/daisyui-5.0.0-beta.9.tgz",
      "integrity": "sha512-V+To8o1O8AaxSgdk9QrjXyq/e1AhdW1Z6oUI5iwrOjPs8avM7VQNqoTDCAE5rM0NcMbUfmFgQH8h8guiQ5QPOA==",
      "funding": {
        "url": "https://github.com/saadeghi/daisyui?sponsor=1"
      }
    }
  }
}
